
Microsoft Visual Studio Solution File, Format Version 12.00
# Visual Studio Version 17
VisualStudioVersion = 17.14.36429.23 d17.14
MinimumVisualStudioVersion = 10.0.40219.1
Project("{FAE04EC0-301F-11D3-BF4B-00C04F79EFBC}") = "TodoManager_Yotov", "TodoManager_Yotov\TodoManager_Yotov.csproj", "{B570B743-AC53-4052-9E0E-5CA20411496A}"
EndProject
Global
	GlobalSection(SolutionConfigurationPlatforms) = preSolution
		Debug|Any CPU = Debug|Any CPU
		Release|Any CPU = Release|Any CPU
	EndGlobalSection
	GlobalSection(ProjectConfigurationPlatforms) = postSolution
		{B570B743-AC53-4052-9E0E-5CA20411496A}.Debug|Any CPU.ActiveCfg = Debug|Any CPU
		{B570B743-AC53-4052-9E0E-5CA20411496A}.Debug|Any CPU.Build.0 = Debug|Any CPU
		{B570B743-AC53-4052-9E0E-5CA20411496A}.Release|Any CPU.ActiveCfg = Release|Any CPU
		{B570B743-AC53-4052-9E0E-5CA20411496A}.Release|Any CPU.Build.0 = Release|Any CPU
	EndGlobalSection
	GlobalSection(SolutionProperties) = preSolution
		HideSolutionNode = FALSE
	EndGlobalSection
	GlobalSection(ExtensibilityGlobals) = postSolution
		SolutionGuid = {6135E73F-3CC7-41EB-A39C-6DDFB07C541C}
	EndGlobalSection
EndGlobal
